
Microsoft Visual Studio Solution File, Format Version 12.00
# Visual Studio 15
VisualStudioVersion = 15.0.28307.902
MinimumVisualStudioVersion = 10.0.40219.1
Project("{FAE04EC0-301F-11D3-BF4B-00C04F79EFBC}") = "BarcodeEmulator", "BarcodeEmulator\BarcodeEmulator.csproj", "{76489CC7-1CB9-4F68-9951-5B746A067D05}"
EndProject
Global
	GlobalSection(SolutionConfigurationPlatforms) = preSolution
		Debug|Any CPU = Debug|Any CPU
		Release|Any CPU = Release|Any CPU
	EndGlobalSection
	GlobalSection(ProjectConfigurationPlatforms) = postSolution
		{76489CC7-1CB9-4F68-9951-5B746A067D05}.Debug|Any CPU.ActiveCfg = Debug|Any CPU
		{76489CC7-1CB9-4F68-9951-5B746A067D05}.Debug|Any CPU.Build.0 = Debug|Any CPU
		{76489CC7-1CB9-4F68-9951-5B746A067D05}.Release|Any CPU.ActiveCfg = Release|Any CPU
		{76489CC7-1CB9-4F68-9951-5B746A067D05}.Release|Any CPU.Build.0 = Release|Any CPU
	EndGlobalSection
	GlobalSection(SolutionProperties) = preSolution
		HideSolutionNode = FALSE
	EndGlobalSection
	GlobalSection(ExtensibilityGlobals) = postSolution
		SolutionGuid = {D192B761-6E21-4C4B-8A21-B75B34D52AFD}
	EndGlobalSection
EndGlobal
